{
  "nodes": {
    "darwin": {
      "inputs": {
        "nixpkgs": [
          "unstable"
        ]
      },
      "locked": {
        "lastModified": 1642495030,
        "narHash": "sha256-u1ZlFbLWzkM6zOfuZ1tr0tzTuDWucOYwALPWDWLorkE=",
        "owner": "lnl7",
        "repo": "nix-darwin",
        "rev": "bcdb6022b3a300abf59cb5d0106c158940f5120e",
        "type": "github"
      },
      "original": {
        "owner": "lnl7",
        "ref": "master",
        "repo": "nix-darwin",
        "type": "github"
      }
    },
    "flake-utils": {
      "locked": {
        "lastModified": 1642700792,
        "narHash": "sha256-XqHrk7hFb+zBvRg6Ghl+AZDq03ov6OshJLiSWOoX5es=",
        "owner": "numtide",
        "repo": "flake-utils",
        "rev": "846b2ae0fc4cc943637d3d1def4454213e203cba",
        "type": "github"
      },
      "original": {
        "owner": "numtide",
        "repo": "flake-utils",
        "type": "github"
      }
    },
    "home-manager": {
      "inputs": {
        "nixpkgs": "nixpkgs"
      },
      "locked": {
        "lastModified": 1642653493,
        "narHash": "sha256-22mGPjiHUo2Jmze4IjXCJLjeK2mbvvCztHmUyUMr4yw=",
        "owner": "nix-community",
        "repo": "home-manager",
        "rev": "28b9ae40c45c5e7711c353fee1b7af734e293979",
        "type": "github"
      },
      "original": {
        "owner": "nix-community",
        "ref": "release-21.11",
        "repo": "home-manager",
        "type": "github"
      }
    },
    "master": {
      "locked": {
        "lastModified": 1643840963,
        "narHash": "sha256-etzI8yp309iy13TtzCppXUOB8Ui3Iwztwsg392NT7SQ=",
        "owner": "NixOS",
        "repo": "nixpkgs",
        "rev": "6c7fd66b5b60df3411a23b0df1de766d24df701d",
        "type": "github"
      },
      "original": {
        "owner": "NixOS",
        "ref": "master",
        "repo": "nixpkgs",
        "type": "github"
      }
    },
    "nixpkgs": {
      "locked": {
        "lastModified": 1643472818,
        "narHash": "sha256-qzVPxKDUubYIxKRSuDl/JgzXWSmGvUVYny9SxFMfPJM=",
        "owner": "NixOS",
        "repo": "nixpkgs",
        "rev": "7f65e4abd5ecaad12d2d26e4380d1a7d8edafea7",
        "type": "github"
      },
      "original": {
        "id": "nixpkgs",
        "type": "indirect"
      }
    },
    "nixpkgs_2": {
      "locked": {
        "lastModified": 1643503720,
        "narHash": "sha256-tJic20ufuRnG8V+fTCd3YU6xl1ImxNspoEkXHct0AG4=",
        "owner": "NixOS",
        "repo": "nixpkgs",
        "rev": "0f316e4d72daed659233817ffe52bf08e081b5de",
        "type": "github"
      },
      "original": {
        "owner": "NixOS",
        "ref": "nixos-21.11",
        "repo": "nixpkgs",
        "type": "github"
      }
    },
    "root": {
      "inputs": {
        "darwin": "darwin",
        "flake-utils": "flake-utils",
        "home-manager": "home-manager",
        "master": "master",
        "nixpkgs": "nixpkgs_2",
        "unstable": "unstable"
      }
    },
    "unstable": {
      "locked": {
        "lastModified": 1643524588,
        "narHash": "sha256-Qh5AazxdOQRORbGkkvpKoovDl6ej/4PhDabFsqnueqw=",
        "owner": "NixOS",
        "repo": "nixpkgs",
        "rev": "efeefb2af1469a5d1f0ae7ca8f0dfd9bb87d5cfb",
        "type": "github"
      },
      "original": {
        "owner": "NixOS",
        "ref": "nixos-unstable",
        "repo": "nixpkgs",
        "type": "github"
      }
    }
  },
  "root": "root",
  "version": 7
}
